
Microsoft Visual Studio Solution File, Format Version 12.00
# Visual Studio Version 17
VisualStudioVersion = 17.11.35118.90
MinimumVisualStudioVersion = 10.0.40219.1
Project("{FAE04EC0-301F-11D3-BF4B-00C04F79EFBC}") = "OnlineEventManagement", "OnlineEventManagement\OnlineEventManagement.csproj", "{04817033-6E78-4CF7-B9C0-401E12C3C172}"
EndProject
Global
	GlobalSection(SolutionConfigurationPlatforms) = preSolution
		Debug|Any CPU = Debug|Any CPU
		Release|Any CPU = Release|Any CPU
	EndGlobalSection
	GlobalSection(ProjectConfigurationPlatforms) = postSolution
		{04817033-6E78-4CF7-B9C0-401E12C3C172}.Debug|Any CPU.ActiveCfg = Debug|Any CPU
		{04817033-6E78-4CF7-B9C0-401E12C3C172}.Debug|Any CPU.Build.0 = Debug|Any CPU
		{04817033-6E78-4CF7-B9C0-401E12C3C172}.Release|Any CPU.ActiveCfg = Release|Any CPU
		{04817033-6E78-4CF7-B9C0-401E12C3C172}.Release|Any CPU.Build.0 = Release|Any CPU
	EndGlobalSection
	GlobalSection(SolutionProperties) = preSolution
		HideSolutionNode = FALSE
	EndGlobalSection
	GlobalSection(ExtensibilityGlobals) = postSolution
		SolutionGuid = {B3884500-6433-4C57-9B77-648E5C1F47BC}
	EndGlobalSection
EndGlobal
